
Microsoft Visual Studio Solution File, Format Version 12.00
# Visual Studio Version 17
VisualStudioVersion = 17.6.33829.357
MinimumVisualStudioVersion = 10.0.40219.1
Project("{FAE04EC0-301F-11D3-BF4B-00C04F79EFBC}") = "estacionamentoDIO", "estacionamentoDIO.csproj", "{970BC65C-5C89-4036-A3D1-DBB571AF8056}"
EndProject
Global
	GlobalSection(SolutionConfigurationPlatforms) = preSolution
		Debug|Any CPU = Debug|Any CPU
		Release|Any CPU = Release|Any CPU
	EndGlobalSection
	GlobalSection(ProjectConfigurationPlatforms) = postSolution
		{970BC65C-5C89-4036-A3D1-DBB571AF8056}.Debug|Any CPU.ActiveCfg = Debug|Any CPU
		{970BC65C-5C89-4036-A3D1-DBB571AF8056}.Debug|Any CPU.Build.0 = Debug|Any CPU
		{970BC65C-5C89-4036-A3D1-DBB571AF8056}.Release|Any CPU.ActiveCfg = Release|Any CPU
		{970BC65C-5C89-4036-A3D1-DBB571AF8056}.Release|Any CPU.Build.0 = Release|Any CPU
	EndGlobalSection
	GlobalSection(SolutionProperties) = preSolution
		HideSolutionNode = FALSE
	EndGlobalSection
	GlobalSection(ExtensibilityGlobals) = postSolution
		SolutionGuid = {05A5EDC9-9DB2-41CF-8B13-F6B9FB638F1A}
	EndGlobalSection
EndGlobal
